
Microsoft Visual Studio Solution File, Format Version 12.00
# Visual Studio Version 17
VisualStudioVersion = 17.7.34024.191
MinimumVisualStudioVersion = 10.0.40219.1
Project("{FAE04EC0-301F-11D3-BF4B-00C04F79EFBC}") = "learnMySQL", "learnMySQL.csproj", "{1C06AAC2-0E62-4BE2-A42D-C74DDA54F79B}"
EndProject
Global
	GlobalSection(SolutionConfigurationPlatforms) = preSolution
		Debug|Any CPU = Debug|Any CPU
		Release|Any CPU = Release|Any CPU
	EndGlobalSection
	GlobalSection(ProjectConfigurationPlatforms) = postSolution
		{1C06AAC2-0E62-4BE2-A42D-C74DDA54F79B}.Debug|Any CPU.ActiveCfg = Debug|Any CPU
		{1C06AAC2-0E62-4BE2-A42D-C74DDA54F79B}.Debug|Any CPU.Build.0 = Debug|Any CPU
		{1C06AAC2-0E62-4BE2-A42D-C74DDA54F79B}.Release|Any CPU.ActiveCfg = Release|Any CPU
		{1C06AAC2-0E62-4BE2-A42D-C74DDA54F79B}.Release|Any CPU.Build.0 = Release|Any CPU
	EndGlobalSection
	GlobalSection(SolutionProperties) = preSolution
		HideSolutionNode = FALSE
	EndGlobalSection
	GlobalSection(ExtensibilityGlobals) = postSolution
		SolutionGuid = {B87CD3EA-5628-4DC0-930C-0948AA2D7319}
	EndGlobalSection
EndGlobal
